// !$*UTF8*$!
{
	archiveVersion = 1;
	classes = {
	};
	objectVersion = 55;
	objects = {

/* Begin PBXBuildFile section */
		BD9F0AAE2802B8BA0031FDC2 /* AppDelegate.swift in Sources */ = {isa = PBXBuildFile; fileRef = BD9F0AAD2802B8BA0031FDC2 /* AppDelegate.swift */; };
		BD9F0AB02802B8BA0031FDC2 /* SceneDelegate.swift in Sources */ = {isa = PBXBuildFile; fileRef = BD9F0AAF2802B8BA0031FDC2 /* SceneDelegate.swift */; };
		BD9F0AB22802B8BA0031FDC2 /* ViewController.swift in Sources */ = {isa = PBXBuildFile; fileRef = BD9F0AB12802B8BA0031FDC2 /* ViewController.swift */; };
		BD9F0AB52802B8BA0031FDC2 /* Main.storyboard in Resources */ = {isa = PBXBuildFile; fileRef = BD9F0AB32802B8BA0031FDC2 /* Main.storyboard */; };
		BD9F0AB72802B8BC0031FDC2 /* Assets.xcassets in Resources */ = {isa = PBXBuildFile; fileRef = BD9F0AB62802B8BC0031FDC2 /* Assets.xcassets */; };
		BD9F0ABA2802B8BC0031FDC2 /* LaunchScreen.storyboard in Resources */ = {isa = PBXBuildFile; fileRef = BD9F0AB82802B8BC0031FDC2 /* LaunchScreen.storyboard */; };
		C321C700BE1A59A3BAAEDA1E /* Pods_moyaTestsExamples.framework in Frameworks */ = {isa = PBXBuildFile; fileRef = 74DCC9E2132F6D5BF2373BD7 /* Pods_moyaTestsExamples.framework */; };
/* End PBXBuildFile section */

/* Begin PBXFileReference section */
		34F5C8844C028A2B85C91F1D /* Pods-moyaTestsExamples.debug.xcconfig */ = {isa = PBXFileReference; includeInIndex = 1; lastKnownFileType = text.xcconfig; name = "Pods-moyaTestsExamples.debug.xcconfig"; path = "Target Support Files/Pods-moyaTestsExamples/Pods-moyaTestsExamples.debug.xcconfig"; sourceTree = "<group>"; };
		74DCC9E2132F6D5BF2373BD7 /* Pods_moyaTestsExamples.framework */ = {isa = PBXFileReference; explicitFileType = wrapper.framework; includeInIndex = 0; path = Pods_moyaTestsExamples.framework; sourceTree = BUILT_PRODUCTS_DIR; };
		BD9F0AAA2802B8BA0031FDC2 /* moyaTestsExamples.app */ = {isa = PBXFileReference; explicitFileType = wrapper.application; includeInIndex = 0; path = moyaTestsExamples.app; sourceTree = BUILT_PRODUCTS_DIR; };
		BD9F0AAD2802B8BA0031FDC2 /* AppDelegate.swift */ = {isa = PBXFileReference; lastKnownFileType = sourcecode.swift; path = AppDelegate.swift; sourceTree = "<group>"; };
		BD9F0AAF2802B8BA0031FDC2 /* SceneDelegate.swift */ = {isa = PBXFileReference; lastKnownFileType = sourcecode.swift; path = SceneDelegate.swift; sourceTree = "<group>"; };
		BD9F0AB12802B8BA0031FDC2 /* ViewController.swift */ = {isa = PBXFileReference; lastKnownFileType = sourcecode.swift; path = ViewController.swift; sourceTree = "<group>"; };
		BD9F0AB42802B8BA0031FDC2 /* Base */ = {isa = PBXFileReference; lastKnownFileType = file.storyboard; name = Base; path = Base.lproj/Main.storyboard; sourceTree = "<group>"; };
		BD9F0AB62802B8BC0031FDC2 /* Assets.xcassets */ = {isa = PBXFileReference; lastKnownFileType = folder.assetcatalog; path = Assets.xcassets; sourceTree = "<group>"; };
		BD9F0AB92802B8BC0031FDC2 /* Base */ = {isa = PBXFileReference; lastKnownFileType = file.storyboard; name = Base; path = Base.lproj/LaunchScreen.storyboard; sourceTree = "<group>"; };
		BD9F0ABB2802B8BC0031FDC2 /* Info.plist */ = {isa = PBXFileReference; lastKnownFileType = text.plist.xml; path = Info.plist; sourceTree = "<group>"; };
		FB2D7B700F554E2CFE891A4D /* Pods-moyaTestsExamples.release.xcconfig */ = {isa = PBXFileReference; includeInIndex = 1; lastKnownFileType = text.xcconfig; name = "Pods-moyaTestsExamples.release.xcconfig"; path = "Target Support Files/Pods-moyaTestsExamples/Pods-moyaTestsExamples.release.xcconfig"; sourceTree = "<group>"; };
/* End PBXFileReference section */

/* Begin PBXFrameworksBuildPhase section */
		BD9F0AA72802B8BA0031FDC2 /* Frameworks */ = {
			isa = PBXFrameworksBuildPhase;
			buildActionMask = 2147483647;
			files = (
				C321C700BE1A59A3BAAEDA1E /* Pods_moyaTestsExamples.framework in Frameworks */,
			);
			runOnlyForDeploymentPostprocessing = 0;
		};
/* End PBXFrameworksBuildPhase section */

/* Begin PBXGroup section */
		4D5B8EF35293F489A192931A /* Frameworks */ = {
			isa = PBXGroup;
			children = (
				74DCC9E2132F6D5BF2373BD7 /* Pods_moyaTestsExamples.framework */,
			);
			name = Frameworks;
			sourceTree = "<group>";
		};
		6B4BA726F07871F8AE82E48C /* Pods */ = {
			isa = PBXGroup;
			children = (
				34F5C8844C028A2B85C91F1D /* Pods-moyaTestsExamples.debug.xcconfig */,
				FB2D7B700F554E2CFE891A4D /* Pods-moyaTestsExamples.release.xcconfig */,
			);
			name = Pods;
			path = Pods;
			sourceTree = "<group>";
		};
		BD9F0AA12802B8BA0031FDC2 = {
			isa = PBXGroup;
			children = (
				BD9F0AAC2802B8BA0031FDC2 /* moyaTestsExamples */,
				BD9F0AAB2802B8BA0031FDC2 /* Products */,
				6B4BA726F07871F8AE82E48C /* Pods */,
				4D5B8EF35293F489A192931A /* Frameworks */,
			);
			sourceTree = "<group>";
		};
		BD9F0AAB2802B8BA0031FDC2 /* Products */ = {
			isa = PBXGroup;
			children = (
				BD9F0AAA2802B8BA0031FDC2 /* moyaTestsExamples.app */,
			);
			name = Products;
			sourceTree = "<group>";
		};
		BD9F0AAC2802B8BA0031FDC2 /* moyaTestsExamples */ = {
			isa = PBXGroup;
			children = (
				BD9F0AAD2802B8BA0031FDC2 /* AppDelegate.swift */,
				BD9F0AAF2802B8BA0031FDC2 /* SceneDelegate.swift */,
				BD9F0AB12802B8BA0031FDC2 /* ViewController.swift */,
				BD9F0AB32802B8BA0031FDC2 /* Main.storyboard */,
				BD9F0AB62802B8BC0031FDC2 /* Assets.xcassets */,
				BD9F0AB82802B8BC0031FDC2 /* LaunchScreen.storyboard */,
				BD9F0ABB2802B8BC0031FDC2 /* Info.plist */,
			);
			path = moyaTestsExamples;
			sourceTree = "<group>";
		};
/* End PBXGroup section */

/* Begin PBXNativeTarget section */
		BD9F0AA92802B8BA0031FDC2 /* moyaTestsExamples */ = {
			isa = PBXNativeTarget;
			buildConfigurationList = BD9F0ABE2802B8BC0031FDC2 /* Build configuration list for PBXNativeTarget "moyaTestsExamples" */;
			buildPhases = (
				EEF91B9175B3E7E345D44B67 /* [CP] Check Pods Manifest.lock */,
				BD9F0AA62802B8BA0031FDC2 /* Sources */,
				BD9F0AA72802B8BA0031FDC2 /* Frameworks */,
				BD9F0AA82802B8BA0031FDC2 /* Resources */,
				BBF10F5D6E2719F59C4DEFA7 /* [CP] Embed Pods Frameworks */,
			);
			buildRules = (
			);
			dependencies = (
			);
			name = moyaTestsExamples;
			productName = moyaTestsExamples;
			productReference = BD9F0AAA2802B8BA0031FDC2 /* moyaTestsExamples.app */;
			productType = "com.apple.product-type.application";
		};
/* End PBXNativeTarget section */

/* Begin PBXProject section */
		BD9F0AA22802B8BA0031FDC2 /* Project object */ = {
			isa = PBXProject;
			attributes = {
				BuildIndependentTargetsInParallel = 1;
				LastSwiftUpdateCheck = 1330;
				LastUpgradeCheck = 1330;
				TargetAttributes = {
					BD9F0AA92802B8BA0031FDC2 = {
						CreatedOnToolsVersion = 13.3;
					};
				};
			};
			buildConfigurationList = BD9F0AA52802B8BA0031FDC2 /* Build configuration list for PBXProject "moyaTestsExamples" */;
			compatibilityVersion = "Xcode 13.0";
			developmentRegion = en;
			hasScannedForEncodings = 0;
			knownRegions = (
				en,
				Base,
			);
			mainGroup = BD9F0AA12802B8BA0031FDC2;
			productRefGroup = BD9F0AAB2802B8BA0031FDC2 /* Products */;
			projectDirPath = "";
			projectRoot = "";
			targets = (
				BD9F0AA92802B8BA0031FDC2 /* moyaTestsExamples */,
			);
		};
/* End PBXProject section */

/* Begin PBXResourcesBuildPhase section */
		BD9F0AA82802B8BA0031FDC2 /* Resources */ = {
			isa = PBXResourcesBuildPhase;
			buildActionMask = 2147483647;
			files = (
				BD9F0ABA2802B8BC0031FDC2 /* LaunchScreen.storyboard in Resources */,
				BD9F0AB72802B8BC0031FDC2 /* Assets.xcassets in Resources */,
				BD9F0AB52802B8BA0031FDC2 /* Main.storyboard in Resources */,
			);
			runOnlyForDeploymentPostprocessing = 0;
		};
/* End PBXResourcesBuildPhase section */

/* Begin PBXShellScriptBuildPhase section */
		BBF10F5D6E2719F59C4DEFA7 /* [CP] Embed Pods Frameworks */ = {
			isa = PBXShellScriptBuildPhase;
			buildActionMask = 2147483647;
			files = (
			);
			inputFileListPaths = (
				"${PODS_ROOT}/Target Support Files/Pods-moyaTestsExamples/Pods-moyaTestsExamples-frameworks-${CONFIGURATION}-input-files.xcfilelist",
			);
			name = "[CP] Embed Pods Frameworks";
			outputFileListPaths = (
				"${PODS_ROOT}/Target Support Files/Pods-moyaTestsExamples/Pods-moyaTestsExamples-frameworks-${CONFIGURATION}-output-files.xcfilelist",
			);
			runOnlyForDeploymentPostprocessing = 0;
			shellPath = /bin/sh;
			shellScript = "\"${PODS_ROOT}/Target Support Files/Pods-moyaTestsExamples/Pods-moyaTestsExamples-frameworks.sh\"\n";
			showEnvVarsInLog = 0;
		};
		EEF91B9175B3E7E345D44B67 /* [CP] Check Pods Manifest.lock */ = {
			isa = PBXShellScriptBuildPhase;
			buildActionMask = 2147483647;
			files = (
			);
			inputFileListPaths = (
			);
			inputPaths = (
				"${PODS_PODFILE_DIR_PATH}/Podfile.lock",
				"${PODS_ROOT}/Manifest.lock",
			);
			name = "[CP] Check Pods Manifest.lock";
			outputFileListPaths = (
			);
			outputPaths = (
				"$(DERIVED_FILE_DIR)/Pods-moyaTestsExamples-checkManifestLockResult.txt",
			);
			runOnlyForDeploymentPostprocessing = 0;
			shellPath = /bin/sh;
			shellScript = "diff \"${PODS_PODFILE_DIR_PATH}/Podfile.lock\" \"${PODS_ROOT}/Manifest.lock\" > /dev/null\nif [ $? != 0 ] ; then\n    # print error to STDERR\n    echo \"error: The sandbox is not in sync with the Podfile.lock. Run 'pod install' or update your CocoaPods installation.\" >&2\n    exit 1\nfi\n# This output is used by Xcode 'outputs' to avoid re-running this script phase.\necho \"SUCCESS\" > \"${SCRIPT_OUTPUT_FILE_0}\"\n";
			showEnvVarsInLog = 0;
		};
/* End PBXShellScriptBuildPhase section */

/* Begin PBXSourcesBuildPhase section */
		BD9F0AA62802B8BA0031FDC2 /* Sources */ = {
			isa = PBXSourcesBuildPhase;
			buildActionMask = 2147483647;
			files = (
				BD9F0AB22802B8BA0031FDC2 /* ViewController.swift in Sources */,
				BD9F0AAE2802B8BA0031FDC2 /* AppDelegate.swift in Sources */,
				BD9F0AB02802B8BA0031FDC2 /* SceneDelegate.swift in Sources */,
			);
			runOnlyForDeploymentPostprocessing = 0;
		};
/* End PBXSourcesBuildPhase section */

/* Begin PBXVariantGroup section */
		BD9F0AB32802B8BA0031FDC2 /* Main.storyboard */ = {
			isa = PBXVariantGroup;
			children = (
				BD9F0AB42802B8BA0031FDC2 /* Base */,
			);
			name = Main.storyboard;
			sourceTree = "<group>";
		};
		BD9F0AB82802B8BC0031FDC2 /* LaunchScreen.storyboard */ = {
			isa = PBXVariantGroup;
			children = (
				BD9F0AB92802B8BC0031FDC2 /* Base */,
			);
			name = LaunchScreen.storyboard;
			sourceTree = "<group>";
		};
/* End PBXVariantGroup section */

/* Begin XCBuildConfiguration section */
		BD9F0ABC2802B8BC0031FDC2 /* Debug */ = {
			isa = XCBuildConfiguration;
			buildSettings = {
				ALWAYS_SEARCH_USER_PATHS = NO;
				CLANG_ANALYZER_NONNULL = YES;
				CLANG_ANALYZER_NUMBER_OBJECT_CONVERSION = YES_AGGRESSIVE;
				CLANG_CXX_LANGUAGE_STANDARD = "gnu++17";
				CLANG_ENABLE_MODULES = YES;
				CLANG_ENABLE_OBJC_ARC = YES;
				CLANG_ENABLE_OBJC_WEAK = YES;
				CLANG_WARN_BLOCK_CAPTURE_AUTORELEASING = YES;
				CLANG_WARN_BOOL_CONVERSION = YES;
				CLANG_WARN_COMMA = YES;
				CLANG_WARN_CONSTANT_CONVERSION = YES;
				CLANG_WARN_DEPRECATED_OBJC_IMPLEMENTATIONS = YES;
				CLANG_WARN_DIRECT_OBJC_ISA_USAGE = YES_ERROR;
				CLANG_WARN_DOCUMENTATION_COMMENTS = YES;
				CLANG_WARN_EMPTY_BODY = YES;
				CLANG_WARN_ENUM_CONVERSION = YES;
				CLANG_WARN_INFINITE_RECURSION = YES;
				CLANG_WARN_INT_CONVERSION = YES;
				CLANG_WARN_NON_LITERAL_NULL_CONVERSION = YES;
				CLANG_WARN_OBJC_IMPLICIT_RETAIN_SELF = YES;
				CLANG_WARN_OBJC_LITERAL_CONVERSION = YES;
				CLANG_WARN_OBJC_ROOT_CLASS = YES_ERROR;
				CLANG_WARN_QUOTED_INCLUDE_IN_FRAMEWORK_HEADER = YES;
				CLANG_WARN_RANGE_LOOP_ANALYSIS = YES;
				CLANG_WARN_STRICT_PROTOTYPES = YES;
				CLANG_WARN_SUSPICIOUS_MOVE = YES;
				CLANG_WARN_UNGUARDED_AVAILABILITY = YES_AGGRESSIVE;
				CLANG_WARN_UNREACHABLE_CODE = YES;
				CLANG_WARN__DUPLICATE_METHOD_MATCH = YES;
				COPY_PHASE_STRIP = NO;
				DEBUG_INFORMATION_FORMAT = dwarf;
				ENABLE_STRICT_OBJC_MSGSEND = YES;
				ENABLE_TESTABILITY = YES;
				GCC_C_LANGUAGE_STANDARD = gnu11;
				GCC_DYNAMIC_NO_PIC = NO;
				GCC_NO_COMMON_BLOCKS = YES;
				GCC_OPTIMIZATION_LEVEL = 0;
				GCC_PREPROCESSOR_DEFINITIONS = (
					"DEBUG=1",
					"$(inherited)",
				);
				GCC_WARN_64_TO_32_BIT_CONVERSION = YES;
				GCC_WARN_ABOUT_RETURN_TYPE = YES_ERROR;
				GCC_WARN_UNDECLARED_SELECTOR = YES;
				GCC_WARN_UNINITIALIZED_AUTOS = YES_AGGRESSIVE;
				GCC_WARN_UNUSED_FUNCTION = YES;
				GCC_WARN_UNUSED_VARIABLE = YES;
				IPHONEOS_DEPLOYMENT_TARGET = 15.4;
				MTL_ENABLE_DEBUG_INFO = INCLUDE_SOURCE;
				MTL_FAST_MATH = YES;
				ONLY_ACTIVE_ARCH = YES;
				SDKROOT = iphoneos;
				SWIFT_ACTIVE_COMPILATION_CONDITIONS = DEBUG;
				SWIFT_OPTIMIZATION_LEVEL = "-Onone";
			};
			name = Debug;
		};
		BD9F0ABD2802B8BC0031FDC2 /* Release */ = {
			isa = XCBuildConfiguration;
			buildSettings = {
				ALWAYS_SEARCH_USER_PATHS = NO;
				CLANG_ANALYZER_NONNULL = YES;
				CLANG_ANALYZER_NUMBER_OBJECT_CONVERSION = YES_AGGRESSIVE;
				CLANG_CXX_LANGUAGE_STANDARD = "gnu++17";
				CLANG_ENABLE_MODULES = YES;
				CLANG_ENABLE_OBJC_ARC = YES;
				CLANG_ENABLE_OBJC_WEAK = YES;
				CLANG_WARN_BLOCK_CAPTURE_AUTORELEASING = YES;
				CLANG_WARN_BOOL_CONVERSION = YES;
				CLANG_WARN_COMMA = YES;
				CLANG_WARN_CONSTANT_CONVERSION = YES;
				CLANG_WARN_DEPRECATED_OBJC_IMPLEMENTATIONS = YES;
				CLANG_WARN_DIRECT_OBJC_ISA_USAGE = YES_ERROR;
				CLANG_WARN_DOCUMENTATION_COMMENTS = YES;
				CLANG_WARN_EMPTY_BODY = YES;
				CLANG_WARN_ENUM_CONVERSION = YES;
				CLANG_WARN_INFINITE_RECURSION = YES;
				CLANG_WARN_INT_CONVERSION = YES;
				CLANG_WARN_NON_LITERAL_NULL_CONVERSION = YES;
				CLANG_WARN_OBJC_IMPLICIT_RETAIN_SELF = YES;
				CLANG_WARN_OBJC_LITERAL_CONVERSION = YES;
				CLANG_WARN_OBJC_ROOT_CLASS = YES_ERROR;
				CLANG_WARN_QUOTED_INCLUDE_IN_FRAMEWORK_HEADER = YES;
				CLANG_WARN_RANGE_LOOP_ANALYSIS = YES;
				CLANG_WARN_STRICT_PROTOTYPES = YES;
				CLANG_WARN_SUSPICIOUS_MOVE = YES;
				CLANG_WARN_UNGUARDED_AVAILABILITY = YES_AGGRESSIVE;
				CLANG_WARN_UNREACHABLE_CODE = YES;
				CLANG_WARN__DUPLICATE_METHOD_MATCH = YES;
				COPY_PHASE_STRIP = NO;
				DEBUG_INFORMATION_FORMAT = "dwarf-with-dsym";
				ENABLE_NS_ASSERTIONS = NO;
				ENABLE_STRICT_OBJC_MSGSEND = YES;
				GCC_C_LANGUAGE_STANDARD = gnu11;
				GCC_NO_COMMON_BLOCKS = YES;
				GCC_WARN_64_TO_32_BIT_CONVERSION = YES;
				GCC_WARN_ABOUT_RETURN_TYPE = YES_ERROR;
				GCC_WARN_UNDECLARED_SELECTOR = YES;
				GCC_WARN_UNINITIALIZED_AUTOS = YES_AGGRESSIVE;
				GCC_WARN_UNUSED_FUNCTION = YES;
				GCC_WARN_UNUSED_VARIABLE = YES;
				IPHONEOS_DEPLOYMENT_TARGET = 15.4;
				MTL_ENABLE_DEBUG_INFO = NO;
				MTL_FAST_MATH = YES;
				SDKROOT = iphoneos;
				SWIFT_COMPILATION_MODE = wholemodule;
				SWIFT_OPTIMIZATION_LEVEL = "-O";
				VALIDATE_PRODUCT = YES;
			};
			name = Release;
		};
		BD9F0ABF2802B8BC0031FDC2 /* Debug */ = {
			isa = XCBuildConfiguration;
			baseConfigurationReference = 34F5C8844C028A2B85C91F1D /* Pods-moyaTestsExamples.debug.xcconfig */;
			buildSettings = {
				ASSETCATALOG_COMPILER_APPICON_NAME = AppIcon;
				ASSETCATALOG_COMPILER_GLOBAL_ACCENT_COLOR_NAME = AccentColor;
				CODE_SIGN_STYLE = Automatic;
				CURRENT_PROJECT_VERSION = 1;
				DEVELOPMENT_TEAM = YPXDVQFQ53;
				GENERATE_INFOPLIST_FILE = YES;
				INFOPLIST_FILE = moyaTestsExamples/Info.plist;
				INFOPLIST_KEY_UIApplicationSupportsIndirectInputEvents = YES;
				INFOPLIST_KEY_UILaunchStoryboardName = LaunchScreen;
				INFOPLIST_KEY_UIMainStoryboardFile = Main;
				INFOPLIST_KEY_UISupportedInterfaceOrientations_iPad = "UIInterfaceOrientationPortrait UIInterfaceOrientationPortraitUpsideDown UIInterfaceOrientationLandscapeLeft UIInterfaceOrientationLandscapeRight";
				INFOPLIST_KEY_UISupportedInterfaceOrientations_iPhone = "UIInterfaceOrientationPortrait UIInterfaceOrientationLandscapeLeft UIInterfaceOrientationLandscapeRight";
				LD_RUNPATH_SEARCH_PATHS = (
					"$(inherited)",
					"@executable_path/Frameworks",
				);
				MARKETING_VERSION = 1.0;
				PRODUCT_BUNDLE_IDENTIFIER = fedir72.moyaTestsExamples;
				PRODUCT_NAME = "$(TARGET_NAME)";
				SWIFT_EMIT_LOC_STRINGS = YES;
				SWIFT_VERSION = 5.0;
				TARGETED_DEVICE_FAMILY = 1;
			};
			name = Debug;
		};
		BD9F0AC02802B8BC0031FDC2 /* Release */ = {
			isa = XCBuildConfiguration;
			baseConfigurationReference = FB2D7B700F554E2CFE891A4D /* Pods-moyaTestsExamples.release.xcconfig */;
			buildSettings = {
				ASSETCATALOG_COMPILER_APPICON_NAME = AppIcon;
				ASSETCATALOG_COMPILER_GLOBAL_ACCENT_COLOR_NAME = AccentColor;
				CODE_SIGN_STYLE = Automatic;
				CURRENT_PROJECT_VERSION = 1;
				DEVELOPMENT_TEAM = YPXDVQFQ53;
				GENERATE_INFOPLIST_FILE = YES;
				INFOPLIST_FILE = moyaTestsExamples/Info.plist;
				INFOPLIST_KEY_UIApplicationSupportsIndirectInputEvents = YES;
				INFOPLIST_KEY_UILaunchStoryboardName = LaunchScreen;
				INFOPLIST_KEY_UIMainStoryboardFile = Main;
				INFOPLIST_KEY_UISupportedInterfaceOrientations_iPad = "UIInterfaceOrientationPortrait UIInterfaceOrientationPortraitUpsideDown UIInterfaceOrientationLandscapeLeft UIInterfaceOrientationLandscapeRight";
				INFOPLIST_KEY_UISupportedInterfaceOrientations_iPhone = "UIInterfaceOrientationPortrait UIInterfaceOrientationLandscapeLeft UIInterfaceOrientationLandscapeRight";
				LD_RUNPATH_SEARCH_PATHS = (
					"$(inherited)",
					"@executable_path/Frameworks",
				);
				MARKETING_VERSION = 1.0;
				PRODUCT_BUNDLE_IDENTIFIER = fedir72.moyaTestsExamples;
				PRODUCT_NAME = "$(TARGET_NAME)";
				SWIFT_EMIT_LOC_STRINGS = YES;
				SWIFT_VERSION = 5.0;
				TARGETED_DEVICE_FAMILY = 1;
			};
			name = Release;
		};
/* End XCBuildConfiguration section */

/* Begin XCConfigurationList section */
		BD9F0AA52802B8BA0031FDC2 /* Build configuration list for PBXProject "moyaTestsExamples" */ = {
			isa = XCConfigurationList;
			buildConfigurations = (
				BD9F0ABC2802B8BC0031FDC2 /* Debug */,
				BD9F0ABD2802B8BC0031FDC2 /* Release */,
			);
			defaultConfigurationIsVisible = 0;
			defaultConfigurationName = Release;
		};
		BD9F0ABE2802B8BC0031FDC2 /* Build configuration list for PBXNativeTarget "moyaTestsExamples" */ = {
			isa = XCConfigurationList;
			buildConfigurations = (
				BD9F0ABF2802B8BC0031FDC2 /* Debug */,
				BD9F0AC02802B8BC0031FDC2 /* Release */,
			);
			defaultConfigurationIsVisible = 0;
			defaultConfigurationName = Release;
		};
/* End XCConfigurationList section */
	};
	rootObject = BD9F0AA22802B8BA0031FDC2 /* Project object */;
}
